github.com/aws/aws-lambda-go v1.43.0 h1:Tdu7SnMB5bD+CbdnSq1Dg4sM68vEuGIDcQFZ+IjUfx0=
github.com/aws/aws-lambda-go v1.43.0/go.mod h1:dpMpZgvWx5vuQJfBt0zqBha60q7Dd7RfgJv23DymV8A=
github.com/aws/aws-lambda-go v1.47.0 h1:0H8s0vumYx/YKs4sE7YM0ktwL2eWse+kfopsRI1sXVI=
github.com/aws/aws-lambda-go v1.47.0/go.mod h1:dpMpZgvWx5vuQJfBt0zqBha60q7Dd7RfgJv23DymV8A=
github.com/aws/aws-sdk-go-v2 v1.24.1 h1:xAojnj+ktS95YZlDf0zxWBkbFtymPeDP+rvUQIH3uAU=
github.com/aws/aws-sdk-go-v2 v1.24.1/go.mod h1:LNh45Br1YAkEKaAqvmE1m8FUx6a5b/V0oAKV7of29b4=
github.com/aws/aws-sdk-go-v2 v1.30.4 h1:frhcagrVNrzmT95RJImMHgabt99vkXGslubDaDagTk8=
github.com/aws/aws-sdk-go-v2 v1.30.4/go.mod h1:CT+ZPWXbYrci8chcARI3OmI/qgd+f6WtuLOoaIA8PR0=
github.com/aws/aws-sdk-go-v2 v1.30.5 h1:mWSRTwQAb0aLE17dSzztCVJWI9+cRMgqebndjwDyK0g=
github.com/aws/aws-sdk-go-v2 v1.30.5/go.mod h1:CT+ZPWXbYrci8chcARI3OmI/qgd+f6WtuLOoaIA8PR0=
github.com/aws/aws-sdk-go-v2 v1.31.0 h1:3V05LbxTSItI5kUqNwhJrrrY1BAXxXt0sN0l72QmG5U=
github.com/aws/aws-sdk-go-v2 v1.31.0/go.mod h1:ztolYtaEUtdpf9Wftr31CJfLVjOnD/CVRkKOOYgF8hA=
github.com/aws/aws-sdk-go-v2 v1.32.0 h1:GuHp7GvMN74PXD5C97KT5D87UhIy4bQPkflQKbfkndg=
github.com/aws/aws-sdk-go-v2 v1.32.0/go.mod h1:2SK5n0a2karNTv5tbP1SjsX0uhttou00v/HpXKM1ZUo=
github.com/aws/aws-sdk-go-v2/aws/protocol/eventstream v1.5.4 h1:OCs21ST2LrepDfD3lwlQiOqIGp6JiEUqG84GzTDoyJs=
github.com/aws/aws-sdk-go-v2/aws/protocol/eventstream v1.5.4/go.mod h1:usURWEKSNNAcAZuzRn/9ZYPT8aZQkR7xcCtunK/LkJo=
github.com/aws/aws-sdk-go-v2/aws/protocol/eventstream v1.6.4 h1:70PVAiL15/aBMh5LThwgXdSQorVr91L127ttckI9QQU=
github.com/aws/aws-sdk-go-v2/aws/protocol/eventstream v1.6.4/go.mod h1:/MQxMqci8tlqDH+pjmoLu1i0tbWCUP1hhyMRuFxpQCw=
github.com/aws/aws-sdk-go-v2/aws/protocol/eventstream v1.6.5 h1:xDAuZTn4IMm8o1LnBZvmrL8JA1io4o3YWNXgohbf20g=
github.com/aws/aws-sdk-go-v2/aws/protocol/eventstream v1.6.5/go.mod h1:wYSv6iDS621sEFLfKvpPE2ugjTuGlAG7iROg0hLOkfc=
github.com/aws/aws-sdk-go-v2/aws/protocol/eventstream v1.6.6 h1:pT3hpW0cOHRJx8Y0DfJUEQuqPild8jRGmSFmBgvydr0=
github.com/aws/aws-sdk-go-v2/aws/protocol/eventstream v1.6.6/go.mod h1:j/I2++U0xX+cr44QjHay4Cvxj6FUbnxrgmqN3H1jTZA=
github.com/aws/aws-sdk-go-v2/config v1.26.3 h1:dKuc2jdp10y13dEEvPqWxqLoc0vF3Z9FC45MvuQSxOA=
github.com/aws/aws-sdk-go-v2/config v1.26.3/go.mod h1:Bxgi+DeeswYofcYO0XyGClwlrq3DZEXli0kLf4hkGA0=
github.com/aws/aws-sdk-go-v2/config v1.27.30 h1:AQF3/+rOgeJBQP3iI4vojlPib5X6eeOYoa/af7OxAYg=
github.com/aws/aws-sdk-go-v2/config v1.27.30/go.mod h1:yxqvuubha9Vw8stEgNiStO+yZpP68Wm9hLmcm+R/Qk4=
github.com/aws/aws-sdk-go-v2/config v1.27.31 h1:kxBoRsjhT3pq0cKthgj6RU6bXTm/2SgdoUMyrVw0rAI=
github.com/aws/aws-sdk-go-v2/config v1.27.31/go.mod h1:z04nZdSWFPaDwK3DdJOG2r+scLQzMYuJeW0CujEm9FM=
github.com/aws/aws-sdk-go-v2/config v1.27.32 h1:jnAMVTJTpAQlePCUUlnXnllHEMGVWmvUJOiGjgtS9S0=
github.com/aws/aws-sdk-go-v2/config v1.27.32/go.mod h1:JibtzKJoXT0M/MhoYL6qfCk7nm/MppwukDFZtdgVRoY=
github.com/aws/aws-sdk-go-v2/config v1.27.33 h1:Nof9o/MsmH4oa0s2q9a0k7tMz5x/Yj5k06lDODWz3BU=
github.com/aws/aws-sdk-go-v2/config v1.27.33/go.mod h1:kEqdYzRb8dd8Sy2pOdEbExTTF5v7ozEXX0McgPE7xks=
github.com/aws/aws-sdk-go-v2/config v1.27.34 h1:5sLceuETg/215nLtY/QIVB2O6cosS0iC/Tx5oyqUhbw=
github.com/aws/aws-sdk-go-v2/config v1.27.34/go.mod h1:kEqdYzRb8dd8Sy2pOdEbExTTF5v7ozEXX0McgPE7xks=
github.com/aws/aws-sdk-go-v2/config v1.27.35 h1:jeFgiWYNV0vrgdZqB4kZBjYNdy0IKkwrAjr2fwpHIig=
github.com/aws/aws-sdk-go-v2/config v1.27.35/go.mod h1:qnpEvTq8ZfjrCqmJGRfWZuF+lGZ/vG8LK2K0L/TY1gQ=
github.com/aws/aws-sdk-go-v2/config v1.27.36 h1:4IlvHh6Olc7+61O1ktesh0jOcqmq/4WG6C2Aj5SKXy0=
github.com/aws/aws-sdk-go-v2/config v1.27.36/go.mod h1:IiBpC0HPAGq9Le0Xxb1wpAKzEfAQ3XlYgJLYKEVYcfw=
github.com/aws/aws-sdk-go-v2/config v1.27.37 h1:xaoIwzHVuRWRHFI0jhgEdEGc8xE1l91KaeRDsWEIncU=
github.com/aws/aws-sdk-go-v2/config v1.27.37/go.mod h1:S2e3ax9/8KnMSyRVNd3sWTKs+1clJ2f1U6nE0lpvQRg=
github.com/aws/aws-sdk-go-v2/config v1.27.38 h1:mMVyJJuSUdbD4zKXoxDgWrgM60QwlFEg+JhihCq6wCw=
github.com/aws/aws-sdk-go-v2/config v1.27.38/go.mod h1:6xOiNEn58bj/64MPKx89r6G/el9JZn8pvVbquSqTKK4=
github.com/aws/aws-sdk-go-v2/config v1.27.39 h1:FCylu78eTGzW1ynHcongXK9YHtoXD5AiiUqq3YfJYjU=
github.com/aws/aws-sdk-go-v2/config v1.27.39/go.mod h1:wczj2hbyskP4LjMKBEZwPRO1shXY+GsQleab+ZXT2ik=
github.com/aws/aws-sdk-go-v2/config v1.27.40 h1:sie4mPBGFOO+Z27+yHzvyN31G20h/bf2xb5mCbpLv2Q=
github.com/aws/aws-sdk-go-v2/config v1.27.40/go.mod h1:4KW7Aa5tNo+0VHnuLnnE1vPHtwMurlNZNS65IdcewHA=
github.com/aws/aws-sdk-go-v2/config v1.27.41 h1:esG3WpmEuNJ6F4kVFLumN8nCfA5VBav1KKb3JPx83O4=
github.com/aws/aws-sdk-go-v2/config v1.27.41/go.mod h1:haUg09ebP+ClvPjU3EB/xe0HF9PguO19PD2fdjM2X14=
github.com/aws/aws-sdk-go-v2/credentials v1.16.14 h1:mMDTwwYO9A0/JbOCOG7EOZHtYM+o7OfGWfu0toa23VE=
github.com/aws/aws-sdk-go-v2/credentials v1.16.14/go.mod h1:cniAUh3ErQPHtCQGPT5ouvSAQ0od8caTO9OOuufZOAE=
github.com/aws/aws-sdk-go-v2/credentials v1.17.29 h1:CwGsupsXIlAFYuDVHv1nnK0wnxO0wZ/g1L8DSK/xiIw=
github.com/aws/aws-sdk-go-v2/credentials v1.17.29/go.mod h1:BPJ/yXV92ZVq6G8uYvbU0gSl8q94UB63nMT5ctNO38g=
github.com/aws/aws-sdk-go-v2/credentials v1.17.30 h1:aau/oYFtibVovr2rDt8FHlU17BTicFEMAi29V1U+L5Q=
github.com/aws/aws-sdk-go-v2/credentials v1.17.30/go.mod h1:BPJ/yXV92ZVq6G8uYvbU0gSl8q94UB63nMT5ctNO38g=
github.com/aws/aws-sdk-go-v2/credentials v1.17.31 h1:jtyfcOfgoqWA2hW/E8sFbwdfgwD3APnF9CLCKE8dTyw=
github.com/aws/aws-sdk-go-v2/credentials v1.17.31/go.mod h1:RSgY5lfCfw+FoyKWtOpLolPlfQVdDBQWTUniAaE+NKY=
github.com/aws/aws-sdk-go-v2/credentials v1.17.32 h1:7Cxhp/BnT2RcGy4VisJ9miUPecY+lyE9I8JvcZofn9I=
github.com/aws/aws-sdk-go-v2/credentials v1.17.32/go.mod h1:P5/QMF3/DCHbXGEGkdbilXHsyTBX5D3HSwcrSc9p20I=
github.com/aws/aws-sdk-go-v2/credentials v1.17.33 h1:lBHAQQznENv0gLHAZ73ONiTSkCtr8q3pSqWrpbBBZz0=
github.com/aws/aws-sdk-go-v2/credentials v1.17.33/go.mod h1:MBuqCUOT3ChfLuxNDGyra67eskx7ge9e3YKYBce7wpI=
github.com/aws/aws-sdk-go-v2/credentials v1.17.34 h1:gmkk1l/cDGSowPRzkdxYi8edw+gN4HmVK151D/pqGNc=
github.com/aws/aws-sdk-go-v2/credentials v1.17.34/go.mod h1:4R9OEV3tgFMsok4ZeFpExn7zQaZRa9MRGFYnI/xC/vs=
github.com/aws/aws-sdk-go-v2/credentials v1.17.35 h1:7QknrZhYySEB1lEXJxGAmuD5sWwys5ZXNr4m5oEz0IE=
github.com/aws/aws-sdk-go-v2/credentials v1.17.35/go.mod h1:8Vy4kk7at4aPSmibr7K+nLTzG6qUQAUO4tW49fzUV4E=
github.com/aws/aws-sdk-go-v2/credentials v1.17.36 h1:zwI5WrT+oWWfzSKoTNmSyeBKQhsFRJRv+PGW/UZW+Yk=
github.com/aws/aws-sdk-go-v2/credentials v1.17.36/go.mod h1:3AG/sY1rc9NJrNWcN/3KPU4SIDPGTrd/qegKB0TnFdE=
github.com/aws/aws-sdk-go-v2/credentials v1.17.37 h1:G2aOH01yW8X373JK419THj5QVqu9vKEwxSEsGxihoW0=
github.com/aws/aws-sdk-go-v2/credentials v1.17.37/go.mod h1:0ecCjlb7htYCptRD45lXJ6aJDQac6D2NlKGpZqyTG6A=
github.com/aws/aws-sdk-go-v2/credentials v1.17.38 h1:iM90eRhCeZtlkzCNCG1JysOzJXGYf5rx80aD1lUgNDU=
github.com/aws/aws-sdk-go-v2/credentials v1.17.38/go.mod h1:TCVYPZeQuLaYNEkf/TVn6k5k/zdVZZ7xH9po548VNNg=
github.com/aws/aws-sdk-go-v2/credentials v1.17.39 h1:tmVexAhoGqJxNE2oc4/SJqL+Jz1x1iCPt5ts9XcqZCU=
github.com/aws/aws-sdk-go-v2/credentials v1.17.39/go.mod h1:zgOdbDI9epE608PdboJ87CYvPIejAgFevazeJW6iauQ=
github.com/aws/aws-sdk-go-v2/feature/ec2/imds v1.14.11 h1:c5I5iH+DZcH3xOIMlz3/tCKJDaHFwYEmxvlh2fAcFo8=
github.com/aws/aws-sdk-go-v2/feature/ec2/imds v1.14.11/go.mod h1:cRrYDYAMUohBJUtUnOhydaMHtiK/1NZ0Otc9lIb6O0Y=
github.com/aws/aws-sdk-go-v2/feature/ec2/imds v1.16.12 h1:yjwoSyDZF8Jth+mUk5lSPJCkMC0lMy6FaCD51jm6ayE=
github.com/aws/aws-sdk-go-v2/feature/ec2/imds v1.16.12/go.mod h1:fuR57fAgMk7ot3WcNQfb6rSEn+SUffl7ri+aa8uKysI=
github.com/aws/aws-sdk-go-v2/feature/ec2/imds v1.16.13 h1:pfQ2sqNpMVK6xz2RbqLEL0GH87JOwSxPV2rzm8Zsb74=
github.com/aws/aws-sdk-go-v2/feature/ec2/imds v1.16.13/go.mod h1:NG7RXPUlqfsCLLFfi0+IpKN4sCB9D9fw/qTaSB+xRoU=
github.com/aws/aws-sdk-go-v2/feature/ec2/imds v1.16.14 h1:C/d03NAmh8C4BZXhuRNboF/DqhBkBCeDiJDcaqIT5pA=
github.com/aws/aws-sdk-go-v2/feature/ec2/imds v1.16.14/go.mod h1:7I0Ju7p9mCIdlrfS+JCgqcYD0VXz/N4yozsox+0o078=
github.com/aws/aws-sdk-go-v2/feature/ec2/imds v1.16.15 h1:kGjlNc2IXXcxPDcfMyCshNCjVgxUhC/vTJv7NvC9wKk=
github.com/aws/aws-sdk-go-v2/feature/ec2/imds v1.16.15/go.mod h1:rk/HmqPo+dX0Uv0Q1+4w3QKFdICEGSsTYz1hRWvH8UI=
github.com/aws/aws-sdk-go-v2/internal/configsources v1.2.10 h1:vF+Zgd9s+H4vOXd5BMaPWykta2a6Ih0AKLq/X6NYKn4=
github.com/aws/aws-sdk-go-v2/internal/configsources v1.2.10/go.mod h1:6BkRjejp/GR4411UGqkX8+wFMbFbqsUIimfK4XjOKR4=
github.com/aws/aws-sdk-go-v2/internal/configsources v1.3.16 h1:TNyt/+X43KJ9IJJMjKfa3bNTiZbUP7DeCxfbTROESwY=
github.com/aws/aws-sdk-go-v2/internal/configsources v1.3.16/go.mod h1:2DwJF39FlNAUiX5pAc0UNeiz16lK2t7IaFcm0LFHEgc=
github.com/aws/aws-sdk-go-v2/internal/configsources v1.3.17 h1:pI7Bzt0BJtYA0N/JEC6B8fJ4RBrEMi1LBrkMdFYNSnQ=
github.com/aws/aws-sdk-go-v2/internal/configsources v1.3.17/go.mod h1:Dh5zzJYMtxfIjYW+/evjQ8uj2OyR/ve2KROHGHlSFqE=
github.com/aws/aws-sdk-go-v2/internal/configsources v1.3.18 h1:kYQ3H1u0ANr9KEKlGs/jTLrBFPo8P8NaH/w7A01NeeM=
github.com/aws/aws-sdk-go-v2/internal/configsources v1.3.18/go.mod h1:r506HmK5JDUh9+Mw4CfGJGSSoqIiLCndAuqXuhbv67Y=
github.com/aws/aws-sdk-go-v2/internal/configsources v1.3.19 h1:Q/k5wCeJkSWs+62kDfOillkNIJ5NqmE3iOfm48g/W8c=
github.com/aws/aws-sdk-go-v2/internal/configsources v1.3.19/go.mod h1:Wns1C66VvtA2Bv/cUBuKZKQKdjo7EVMhp90aAa+8oTI=
github.com/aws/aws-sdk-go-v2/internal/endpoints/v2 v2.5.10 h1:nYPe006ktcqUji8S2mqXf9c/7NdiKriOwMvWQHgYztw=
github.com/aws/aws-sdk-go-v2/internal/endpoints/v2 v2.5.10/go.mod h1:6UV4SZkVvmODfXKql4LCbaZUpF7HO2BX38FgBf9ZOLw=
github.com/aws/aws-sdk-go-v2/internal/endpoints/v2 v2.6.16 h1:jYfy8UPmd+6kJW5YhY0L1/KftReOGxI/4NtVSTh9O/I=
github.com/aws/aws-sdk-go-v2/internal/endpoints/v2 v2.6.16/go.mod h1:7ZfEPZxkW42Afq4uQB8H2E2e6ebh6mXTueEpYzjCzcs=
github.com/aws/aws-sdk-go-v2/internal/endpoints/v2 v2.6.17 h1:Mqr/V5gvrhA2gvgnF42Zh5iMiQNcOYthFYwCyrnuWlc=
github.com/aws/aws-sdk-go-v2/internal/endpoints/v2 v2.6.17/go.mod h1:aLJpZlCmjE+V+KtN1q1uyZkfnUWpQGpbsn89XPKyzfU=
github.com/aws/aws-sdk-go-v2/internal/endpoints/v2 v2.6.18 h1:Z7IdFUONvTcvS7YuhtVxN99v2cCoHRXOS4mTr0B/pUc=
github.com/aws/aws-sdk-go-v2/internal/endpoints/v2 v2.6.18/go.mod h1:DkKMmksZVVyat+Y+r1dEOgJEfUeA7UngIHWeKsi0yNc=
github.com/aws/aws-sdk-go-v2/internal/endpoints/v2 v2.6.19 h1:AYLE0lUfKvN6icFTR/p+NmD1amYKTbqHQ1Nm+jwE6BM=
github.com/aws/aws-sdk-go-v2/internal/endpoints/v2 v2.6.19/go.mod h1:1giLakj64GjuH1NBzF/DXqly5DWHtMTaOzRZ53nFX0I=
github.com/aws/aws-sdk-go-v2/internal/ini v1.7.2 h1:GrSw8s0Gs/5zZ0SX+gX4zQjRnRsMJDJ2sLur1gRBhEM=
github.com/aws/aws-sdk-go-v2/internal/ini v1.7.2/go.mod h1:6fQQgfuGmw8Al/3M2IgIllycxV7ZW7WCdVSqfBeUiCY=
github.com/aws/aws-sdk-go-v2/internal/ini v1.8.1 h1:VaRN3TlFdd6KxX1x3ILT5ynH6HvKgqdiXoTxAF4HQcQ=
github.com/aws/aws-sdk-go-v2/internal/ini v1.8.1/go.mod h1:FbtygfRFze9usAadmnGJNc8KsP346kEe+y2/oyhGAGc=
github.com/aws/aws-sdk-go-v2/internal/v4a v1.2.10 h1:5oE2WzJE56/mVveuDZPJESKlg/00AaS2pY2QZcnxg4M=
github.com/aws/aws-sdk-go-v2/internal/v4a v1.2.10/go.mod h1:FHbKWQtRBYUz4vO5WBWjzMD2by126ny5y/1EoaWoLfI=
github.com/aws/aws-sdk-go-v2/internal/v4a v1.3.16 h1:mimdLQkIX1zr8GIPY1ZtALdBQGxcASiBd2MOp8m/dMc=
github.com/aws/aws-sdk-go-v2/internal/v4a v1.3.16/go.mod h1:YHk6owoSwrIsok+cAH9PENCOGoH5PU2EllX4vLtSrsY=
github.com/aws/aws-sdk-go-v2/internal/v4a v1.3.17 h1:Roo69qTpfu8OlJ2Tb7pAYVuF0CpuUMB0IYWwYP/4DZM=
github.com/aws/aws-sdk-go-v2/internal/v4a v1.3.17/go.mod h1:NcWPxQzGM1USQggaTVwz6VpqMZPX1CvDJLDh6jnOCa4=
github.com/aws/aws-sdk-go-v2/internal/v4a v1.3.18 h1:OWYvKL53l1rbsUmW7bQyJVsYU/Ii3bbAAQIIFNbM0Tk=
github.com/aws/aws-sdk-go-v2/internal/v4a v1.3.18/go.mod h1:CUx0G1v3wG6l01tUB+j7Y8kclA8NSqK4ef0YG79a4cg=
github.com/aws/aws-sdk-go-v2/internal/v4a v1.3.19 h1:FKdiFzTxlTRO71p0C7VrLbkkdW8qfMKF5+ej6bTmkT0=
github.com/aws/aws-sdk-go-v2/internal/v4a v1.3.19/go.mod h1:abO3pCj7WLQPTllnSeYImqFfkGrmJV0JovWo/gqT5N0=
github.com/aws/aws-sdk-go-v2/service/internal/accept-encoding v1.10.4 h1:/b31bi3YVNlkzkBrm9LfpaKoaYZUxIAj4sHfOTmLfqw=
github.com/aws/aws-sdk-go-v2/service/internal/accept-encoding v1.10.4/go.mod h1:2aGXHFmbInwgP9ZfpmdIfOELL79zhdNYNmReK8qDfdQ=
github.com/aws/aws-sdk-go-v2/service/internal/accept-encoding v1.11.4 h1:KypMCbLPPHEmf9DgMGw51jMj77VfGPAN2Kv4cfhlfgI=
github.com/aws/aws-sdk-go-v2/service/internal/accept-encoding v1.11.4/go.mod h1:Vz1JQXliGcQktFTN/LN6uGppAIRoLBR2bMvIMP0gOjc=
github.com/aws/aws-sdk-go-v2/service/internal/accept-encoding v1.11.5 h1:QFASJGfT8wMXtuP3D5CRmMjARHv9ZmzFUMJznHDOY3w=
github.com/aws/aws-sdk-go-v2/service/internal/accept-encoding v1.11.5/go.mod h1:QdZ3OmoIjSX+8D1OPAzPxDfjXASbBMDsz9qvtyIhtik=
github.com/aws/aws-sdk-go-v2/service/internal/accept-encoding v1.12.0 h1:TToQNkvGguu209puTojY/ozlqy2d/SFNcoLIqTFi42g=
github.com/aws/aws-sdk-go-v2/service/internal/accept-encoding v1.12.0/go.mod h1:0jp+ltwkf+SwG2fm/PKo8t4y8pJSgOCO4D8Lz3k0aHQ=
github.com/aws/aws-sdk-go-v2/service/internal/checksum v1.2.10 h1:L0ai8WICYHozIKK+OtPzVJBugL7culcuM4E4JOpIEm8=
github.com/aws/aws-sdk-go-v2/service/internal/checksum v1.2.10/go.mod h1:byqfyxJBshFk0fF9YmK0M0ugIO8OWjzH2T3bPG4eGuA=
github.com/aws/aws-sdk-go-v2/service/internal/checksum v1.3.18 h1:GckUnpm4EJOAio1c8o25a+b3lVfwVzC9gnSBqiiNmZM=
github.com/aws/aws-sdk-go-v2/service/internal/checksum v1.3.18/go.mod h1:Br6+bxfG33Dk3ynmkhsW2Z/t9D4+lRqdLDNCKi85w0U=
github.com/aws/aws-sdk-go-v2/service/internal/checksum v1.3.19 h1:FLMkfEiRjhgeDTCjjLoc3URo/TBkgeQbocA78lfkzSI=
github.com/aws/aws-sdk-go-v2/service/internal/checksum v1.3.19/go.mod h1:Vx+GucNSsdhaxs3aZIKfSUjKVGsxN25nX2SRcdhuw08=
github.com/aws/aws-sdk-go-v2/service/internal/checksum v1.3.20 h1:rTWjG6AvWekO2B1LHeM3ktU7MqyX9rzWQ7hgzneZW7E=
github.com/aws/aws-sdk-go-v2/service/internal/checksum v1.3.20/go.mod h1:RGW2DDpVc8hu6Y6yG8G5CHVmVOAn1oV8rNKOHRJyswg=
github.com/aws/aws-sdk-go-v2/service/internal/checksum v1.4.0 h1:FQNWhRuSq8QwW74GtU0MrveNhZbqvHsA4dkA9w8fTDQ=
github.com/aws/aws-sdk-go-v2/service/internal/checksum v1.4.0/go.mod h1:j/zZ3zmWfGCK91K73YsfHP53BSTLSjL/y6YN39XbBLM=
github.com/aws/aws-sdk-go-v2/service/internal/presigned-url v1.10.10 h1:DBYTXwIGQSGs9w4jKm60F5dmCQ3EEruxdc0MFh+3EY4=
github.com/aws/aws-sdk-go-v2/service/internal/presigned-url v1.10.10/go.mod h1:wohMUQiFdzo0NtxbBg0mSRGZ4vL3n0dKjLTINdcIino=
github.com/aws/aws-sdk-go-v2/service/internal/presigned-url v1.11.18 h1:tJ5RnkHCiSH0jyd6gROjlJtNwov0eGYNz8s8nFcR0jQ=
github.com/aws/aws-sdk-go-v2/service/internal/presigned-url v1.11.18/go.mod h1:++NHzT+nAF7ZPrHPsA+ENvsXkOO8wEu+C6RXltAG4/c=
github.com/aws/aws-sdk-go-v2/service/internal/presigned-url v1.11.19 h1:rfprUlsdzgl7ZL2KlXiUAoJnI/VxfHCvDFr2QDFj6u4=
github.com/aws/aws-sdk-go-v2/service/internal/presigned-url v1.11.19/go.mod h1:SCWkEdRq8/7EK60NcvvQ6NXKuTcchAD4ROAsC37VEZE=
github.com/aws/aws-sdk-go-v2/service/internal/presigned-url v1.11.20 h1:Xbwbmk44URTiHNx6PNo0ujDE6ERlsCKJD3u1zfnzAPg=
github.com/aws/aws-sdk-go-v2/service/internal/presigned-url v1.11.20/go.mod h1:oAfOFzUB14ltPZj1rWwRc3d/6OgD76R8KlvU3EqM9Fg=
github.com/aws/aws-sdk-go-v2/service/internal/presigned-url v1.12.0 h1:AdbiDUgQZmM28rDIZbiSwFxz8+3B94aOXxzs6oH+EA0=
github.com/aws/aws-sdk-go-v2/service/internal/presigned-url v1.12.0/go.mod h1:uV476Bd80tiDTX4X2redMtagQUg65aU/gzPojSJ4kSI=
github.com/aws/aws-sdk-go-v2/service/internal/s3shared v1.16.10 h1:KOxnQeWy5sXyS37fdKEvAsGHOr9fa/qvwxfJurR/BzE=
github.com/aws/aws-sdk-go-v2/service/internal/s3shared v1.16.10/go.mod h1:jMx5INQFYFYB3lQD9W0D8Ohgq6Wnl7NYOJ2TQndbulI=
github.com/aws/aws-sdk-go-v2/service/internal/s3shared v1.17.16 h1:jg16PhLPUiHIj8zYIW6bqzeQSuHVEiWnGA0Brz5Xv2I=
github.com/aws/aws-sdk-go-v2/service/internal/s3shared v1.17.16/go.mod h1:Uyk1zE1VVdsHSU7096h/rwnXDzOzYQVl+FNPhPw7ShY=
github.com/aws/aws-sdk-go-v2/service/internal/s3shared v1.17.17 h1:u+EfGmksnJc/x5tq3A+OD7LrMbSSR/5TrKLvkdy/fhY=
github.com/aws/aws-sdk-go-v2/service/internal/s3shared v1.17.17/go.mod h1:VaMx6302JHax2vHJWgRo+5n9zvbacs3bLU/23DNQrTY=
github.com/aws/aws-sdk-go-v2/service/internal/s3shared v1.17.18 h1:eb+tFOIl9ZsUe2259/BKPeniKuz4/02zZFH/i4Nf8Rg=
github.com/aws/aws-sdk-go-v2/service/internal/s3shared v1.17.18/go.mod h1:GVCC2IJNJTmdlyEsSmofEy7EfJncP7DNnXDzRjJ5Keg=
github.com/aws/aws-sdk-go-v2/service/internal/s3shared v1.18.0 h1:1NKXS8XfhMM0bg5wVYa/eOH8AM2f6JijugbKEyQFTIg=
github.com/aws/aws-sdk-go-v2/service/internal/s3shared v1.18.0/go.mod h1:ph931DUfVfgrhZR7py9olSvHCiRpvaGxNvlWBcXxFds=
github.com/aws/aws-sdk-go-v2/service/s3 v1.48.0 h1:PJTdBMsyvra6FtED7JZtDpQrIAflYDHFoZAu/sKYkwU=
github.com/aws/aws-sdk-go-v2/service/s3 v1.48.0/go.mod h1:4qXHrG1Ne3VGIMZPCB8OjH/pLFO94sKABIusjh0KWPU=
github.com/aws/aws-sdk-go-v2/service/s3 v1.60.1 h1:mx2ucgtv+MWzJesJY9Ig/8AFHgoE5FwLXwUVgW/FGdI=
github.com/aws/aws-sdk-go-v2/service/s3 v1.60.1/go.mod h1:BSPI0EfnYUuNHPS0uqIo5VrRwzie+Fp+YhQOUs16sKI=
github.com/aws/aws-sdk-go-v2/service/s3 v1.61.0 h1:Wb544Wh+xfSXqJ/j3R4aX9wrKUoZsJNmilBYZb3mKQ4=
github.com/aws/aws-sdk-go-v2/service/s3 v1.61.0/go.mod h1:BSPI0EfnYUuNHPS0uqIo5VrRwzie+Fp+YhQOUs16sKI=
github.com/aws/aws-sdk-go-v2/service/s3 v1.61.1 h1:6ZRIbdMbN83W2/EIAU5z8FQZpmuULsBojTaok+uBEIg=
github.com/aws/aws-sdk-go-v2/service/s3 v1.61.1/go.mod h1:5FmD/Dqq57gP+XwaUnd5WFPipAuzrf0HmupX27Gvjvc=
github.com/aws/aws-sdk-go-v2/service/s3 v1.61.2 h1:Kp6PWAlXwP1UvIflkIP6MFZYBNDCa4mFCGtxrpICVOg=
github.com/aws/aws-sdk-go-v2/service/s3 v1.61.2/go.mod h1:5FmD/Dqq57gP+XwaUnd5WFPipAuzrf0HmupX27Gvjvc=
github.com/aws/aws-sdk-go-v2/service/s3 v1.61.3 h1:O/rjUvLED2dWzrSY6wv3njBjJlH4LT2xYRnUm402ovI=
github.com/aws/aws-sdk-go-v2/service/s3 v1.61.3/go.mod h1:5FmD/Dqq57gP+XwaUnd5WFPipAuzrf0HmupX27Gvjvc=
github.com/aws/aws-sdk-go-v2/service/s3 v1.62.0 h1:rd/aA3iDq1q7YsL5sc4dEwChutH7OZF9Ihfst6pXQzI=
github.com/aws/aws-sdk-go-v2/service/s3 v1.62.0/go.mod h1:5FmD/Dqq57gP+XwaUnd5WFPipAuzrf0HmupX27Gvjvc=
github.com/aws/aws-sdk-go-v2/service/s3 v1.63.0 h1:F6KG9CT7PPqAjnRxjKmYJopVnXPwjlzPI2FEgXHajNY=
github.com/aws/aws-sdk-go-v2/service/s3 v1.63.0/go.mod h1:NLTqRLe3pUNu3nTEHI6XlHLKYmc8fbHUdMxAB6+s41Q=
github.com/aws/aws-sdk-go-v2/service/s3 v1.63.1 h1:TR96r56VwELV0qguNFCuz+/bEpRfnR3ZsS9/IG05C7Q=
github.com/aws/aws-sdk-go-v2/service/s3 v1.63.1/go.mod h1:NLTqRLe3pUNu3nTEHI6XlHLKYmc8fbHUdMxAB6+s41Q=
github.com/aws/aws-sdk-go-v2/service/s3 v1.63.2 h1:1iXmXy8SJzQVMGvo40TSzBYS9ig6BSyXfRIMzLfmBfE=
github.com/aws/aws-sdk-go-v2/service/s3 v1.63.2/go.mod h1:NLTqRLe3pUNu3nTEHI6XlHLKYmc8fbHUdMxAB6+s41Q=
github.com/aws/aws-sdk-go-v2/service/s3 v1.63.3 h1:3zt8qqznMuAZWDTDpcwv9Xr11M/lVj2FsRR7oYBt0OA=
github.com/aws/aws-sdk-go-v2/service/s3 v1.63.3/go.mod h1:NLTqRLe3pUNu3nTEHI6XlHLKYmc8fbHUdMxAB6+s41Q=
github.com/aws/aws-sdk-go-v2/service/s3 v1.64.0 h1:I0p8knB/IDYSQ3dbanaCr4UhiYQ96bvKRhGYxvLyiD8=
github.com/aws/aws-sdk-go-v2/service/s3 v1.64.0/go.mod h1:NLTqRLe3pUNu3nTEHI6XlHLKYmc8fbHUdMxAB6+s41Q=
github.com/aws/aws-sdk-go-v2/service/s3 v1.64.1 h1:jjHf+M6vCp/WzbyFEroY4/Nx8dJac520A0EPwlYk0Do=
github.com/aws/aws-sdk-go-v2/service/s3 v1.64.1/go.mod h1:NLTqRLe3pUNu3nTEHI6XlHLKYmc8fbHUdMxAB6+s41Q=
github.com/aws/aws-sdk-go-v2/service/s3 v1.65.0 h1:2dSm7frMrw2tdJ0QvyccQNJyPGaP24dyDgZ6h1QJMGU=
github.com/aws/aws-sdk-go-v2/service/s3 v1.65.0/go.mod h1:4XSVpw66upN8wND3JZA29eXl2NOZvfFVq7DIP6xvfuQ=
github.com/aws/aws-sdk-go-v2/service/ssm v1.44.7 h1:a8HvP/+ew3tKwSXqL3BCSjiuicr+XTU2eFYeogV9GJE=
github.com/aws/aws-sdk-go-v2/service/ssm v1.44.7/go.mod h1:Q7XIWsMo0JcMpI/6TGD6XXcXcV1DbTj6e9BKNntIMIM=
github.com/aws/aws-sdk-go-v2/service/ssm v1.52.6 h1:uvd3OF/3jt2csfs2xZ64NIOukDY/YJYZiHqT9vP3Mhg=
github.com/aws/aws-sdk-go-v2/service/ssm v1.52.6/go.mod h1:Bw2YSeqq/I4VyVs9JSfdT9ArqyAbQkJEwj13AVm0heg=
github.com/aws/aws-sdk-go-v2/service/ssm v1.52.7 h1:1UfdVi84wNLY2GZrp3fxldNemzVQ+uA2Nke7kZ6Nwik=
github.com/aws/aws-sdk-go-v2/service/ssm v1.52.7/go.mod h1:nUSNPaG8mv5rIu7EclHnFqZOjhreEUwRKENtKTtJ9aw=
github.com/aws/aws-sdk-go-v2/service/ssm v1.52.8 h1:7cjN4Wp3U3cud17TsnUxSomTwKzKQGUWdq/N1aWqgMk=
github.com/aws/aws-sdk-go-v2/service/ssm v1.52.8/go.mod h1:nUSNPaG8mv5rIu7EclHnFqZOjhreEUwRKENtKTtJ9aw=
github.com/aws/aws-sdk-go-v2/service/ssm v1.53.0 h1:+btWuHF/6IuNrGgSZTWW4zs3Xz22/1xiv6LDhw10Xao=
github.com/aws/aws-sdk-go-v2/service/ssm v1.53.0/go.mod h1:nUSNPaG8mv5rIu7EclHnFqZOjhreEUwRKENtKTtJ9aw=
github.com/aws/aws-sdk-go-v2/service/ssm v1.54.0 h1:yvqHYOhR1btBiHd46UFAiO/kXOeDUhAXwB4ehNFeaW4=
github.com/aws/aws-sdk-go-v2/service/ssm v1.54.0/go.mod h1:qs3TBNpFEnVubl0WL3jruj7NJMF1RCAPEPQ1f+fLTBE=
github.com/aws/aws-sdk-go-v2/service/ssm v1.54.1 h1:VgxofxYi2nsNwaIDD7ANsEv8EJRBkAyIME1JrKuU7ko=
github.com/aws/aws-sdk-go-v2/service/ssm v1.54.1/go.mod h1:qs3TBNpFEnVubl0WL3jruj7NJMF1RCAPEPQ1f+fLTBE=
github.com/aws/aws-sdk-go-v2/service/ssm v1.54.2 h1:Agv/W8IeOeKOiLAIO3osoS5UvGuiapd04jxhqmuzY6o=
github.com/aws/aws-sdk-go-v2/service/ssm v1.54.2/go.mod h1:qs3TBNpFEnVubl0WL3jruj7NJMF1RCAPEPQ1f+fLTBE=
github.com/aws/aws-sdk-go-v2/service/ssm v1.54.3 h1:Ctzev3ppcc46m2FgrLEZhsHMEr1G1lrJcd9Cmoy/QJk=
github.com/aws/aws-sdk-go-v2/service/ssm v1.54.3/go.mod h1:qs3TBNpFEnVubl0WL3jruj7NJMF1RCAPEPQ1f+fLTBE=
github.com/aws/aws-sdk-go-v2/service/ssm v1.54.4 h1:TJwizmS7V5/FBS1gVaCaqVczmurC1Pt8ecS48C6TqUE=
github.com/aws/aws-sdk-go-v2/service/ssm v1.54.4/go.mod h1:qs3TBNpFEnVubl0WL3jruj7NJMF1RCAPEPQ1f+fLTBE=
github.com/aws/aws-sdk-go-v2/service/ssm v1.55.0 h1:tXrDYWutZsSAtqilgdOkn/DMLdIhTZoyA5J7NgwNfyc=
github.com/aws/aws-sdk-go-v2/service/ssm v1.55.0/go.mod h1:Brz7JZ/wuntsPXH0D0dgZsb/IKr1+slD0eL+k967oLo=
github.com/aws/aws-sdk-go-v2/service/sso v1.18.6 h1:dGrs+Q/WzhsiUKh82SfTVN66QzyulXuMDTV/G8ZxOac=
github.com/aws/aws-sdk-go-v2/service/sso v1.18.6/go.mod h1:+mJNDdF+qiUlNKNC3fxn74WWNN+sOiGOEImje+3ScPM=
github.com/aws/aws-sdk-go-v2/service/sso v1.22.5 h1:zCsFCKvbj25i7p1u94imVoO447I/sFv8qq+lGJhRN0c=
github.com/aws/aws-sdk-go-v2/service/sso v1.22.5/go.mod h1:ZeDX1SnKsVlejeuz41GiajjZpRSWR7/42q/EyA/QEiM=
github.com/aws/aws-sdk-go-v2/service/sso v1.22.6 h1:o++HUDXlbrTl4PSal3YHtdErQxB8mDGAtkKNXBWPfIU=
github.com/aws/aws-sdk-go-v2/service/sso v1.22.6/go.mod h1:eEygMHnTKH/3kNp9Jr1n3PdejuSNcgwLe1dWgQtO0VQ=
github.com/aws/aws-sdk-go-v2/service/sso v1.22.7 h1:pIaGg+08llrP7Q5aiz9ICWbY8cqhTkyy+0SHvfzQpTc=
github.com/aws/aws-sdk-go-v2/service/sso v1.22.7/go.mod h1:eEygMHnTKH/3kNp9Jr1n3PdejuSNcgwLe1dWgQtO0VQ=
github.com/aws/aws-sdk-go-v2/service/sso v1.22.8 h1:JRwuL+S1Qe1owZQoxblV7ORgRf2o0SrtzDVIbaVCdQ0=
github.com/aws/aws-sdk-go-v2/service/sso v1.22.8/go.mod h1:eEygMHnTKH/3kNp9Jr1n3PdejuSNcgwLe1dWgQtO0VQ=
github.com/aws/aws-sdk-go-v2/service/sso v1.23.0 h1:fHySkG0IGj2nepgGJPmmhZYL9ndnsq1Tvc6MeuVQCaQ=
github.com/aws/aws-sdk-go-v2/service/sso v1.23.0/go.mod h1:XRlMvmad0ZNL+75C5FYdMvbbLkd6qiqz6foR1nA1PXY=
github.com/aws/aws-sdk-go-v2/service/sso v1.23.1 h1:2jrVsMHqdLD1+PA4BA6Nh1eZp0Gsy3mFSB5MxDvcJtU=
github.com/aws/aws-sdk-go-v2/service/sso v1.23.1/go.mod h1:XRlMvmad0ZNL+75C5FYdMvbbLkd6qiqz6foR1nA1PXY=
github.com/aws/aws-sdk-go-v2/service/sso v1.23.2 h1:yzi/y/vKlLyzOfG7pSu5ONNGRxHIgLeDrV4w2AMRCo0=
github.com/aws/aws-sdk-go-v2/service/sso v1.23.2/go.mod h1:XRlMvmad0ZNL+75C5FYdMvbbLkd6qiqz6foR1nA1PXY=
github.com/aws/aws-sdk-go-v2/service/sso v1.23.3 h1:rs4JCczF805+FDv2tRhZ1NU0RB2H6ryAvsWPanAr72Y=
github.com/aws/aws-sdk-go-v2/service/sso v1.23.3/go.mod h1:XRlMvmad0ZNL+75C5FYdMvbbLkd6qiqz6foR1nA1PXY=
github.com/aws/aws-sdk-go-v2/service/sso v1.23.4 h1:ck/Y8XWNR1gHa4BFkwE3oSu7XDJGwl+8TI7E/RB2EcQ=
github.com/aws/aws-sdk-go-v2/service/sso v1.23.4/go.mod h1:XRlMvmad0ZNL+75C5FYdMvbbLkd6qiqz6foR1nA1PXY=
github.com/aws/aws-sdk-go-v2/service/sso v1.24.0 h1:71FvP6XFj53NK+YiAEGVzeiccLVeFnHOCvMig0zOHsE=
github.com/aws/aws-sdk-go-v2/service/sso v1.24.0/go.mod h1:UVJqtKXSd9YppRKgdBIkyv7qgbSGv5DchM3yX0BN2mU=
github.com/aws/aws-sdk-go-v2/service/ssooidc v1.21.6 h1:Yf2MIo9x+0tyv76GljxzqA3WtC5mw7NmazD2chwjxE4=
github.com/aws/aws-sdk-go-v2/service/ssooidc v1.21.6/go.mod h1:ykf3COxYI0UJmxcfcxcVuz7b6uADi1FkiUz6Eb7AgM8=
github.com/aws/aws-sdk-go-v2/service/ssooidc v1.26.5 h1:SKvPgvdvmiTWoi0GAJ7AsJfOz3ngVkD/ERbs5pUnHNI=
github.com/aws/aws-sdk-go-v2/service/ssooidc v1.26.5/go.mod h1:20sz31hv/WsPa3HhU3hfrIet2kxM4Pe0r20eBZ20Tac=
github.com/aws/aws-sdk-go-v2/service/ssooidc v1.26.6 h1:yCHcQCOwTfIsc8DoEhM3qXPxD+j8CbI6t1K3dNzsWV0=
github.com/aws/aws-sdk-go-v2/service/ssooidc v1.26.6/go.mod h1:bCbAxKDqNvkHxRaIMnyVPXPo+OaPRwvmgzMxbz1VKSA=
github.com/aws/aws-sdk-go-v2/service/ssooidc v1.26.7 h1:/Cfdu0XV3mONYKaOt1Gr0k1KvQzkzPyiKUdlWJqy+J4=
github.com/aws/aws-sdk-go-v2/service/ssooidc v1.26.7/go.mod h1:bCbAxKDqNvkHxRaIMnyVPXPo+OaPRwvmgzMxbz1VKSA=
github.com/aws/aws-sdk-go-v2/service/ssooidc v1.26.8 h1:+HpGETD9463PFSj7lX5+eq7aLDs85QUIA+NBkeAsscA=
github.com/aws/aws-sdk-go-v2/service/ssooidc v1.26.8/go.mod h1:bCbAxKDqNvkHxRaIMnyVPXPo+OaPRwvmgzMxbz1VKSA=
github.com/aws/aws-sdk-go-v2/service/ssooidc v1.27.0 h1:cU/OeQPNReyMj1JEBgjE29aclYZYtXcsPMXbTkVGMFk=
github.com/aws/aws-sdk-go-v2/service/ssooidc v1.27.0/go.mod h1:FnvDM4sfa+isJ3kDXIzAB9GAwVSzFzSy97uZ3IsHo4E=
github.com/aws/aws-sdk-go-v2/service/ssooidc v1.27.1 h1:0L7yGCg3Hb3YQqnSgBTZM5wepougtL1aEccdcdYhHME=
github.com/aws/aws-sdk-go-v2/service/ssooidc v1.27.1/go.mod h1:FnvDM4sfa+isJ3kDXIzAB9GAwVSzFzSy97uZ3IsHo4E=
github.com/aws/aws-sdk-go-v2/service/ssooidc v1.27.2 h1:3gb6pYhYLjo8rB1h2Tqs61wpjRd3rQymYcVq/pp0yxI=
github.com/aws/aws-sdk-go-v2/service/ssooidc v1.27.2/go.mod h1:FnvDM4sfa+isJ3kDXIzAB9GAwVSzFzSy97uZ3IsHo4E=
github.com/aws/aws-sdk-go-v2/service/ssooidc v1.27.3 h1:S7EPdMVZod8BGKQQPTBK+FcX9g7bKR7c4+HxWqHP7Vg=
github.com/aws/aws-sdk-go-v2/service/ssooidc v1.27.3/go.mod h1:FnvDM4sfa+isJ3kDXIzAB9GAwVSzFzSy97uZ3IsHo4E=
github.com/aws/aws-sdk-go-v2/service/ssooidc v1.27.4 h1:4f2/JKYZHAZbQ7koBpZ012bKi32NHPY0m7TDuJgsbug=
github.com/aws/aws-sdk-go-v2/service/ssooidc v1.27.4/go.mod h1:FnvDM4sfa+isJ3kDXIzAB9GAwVSzFzSy97uZ3IsHo4E=
github.com/aws/aws-sdk-go-v2/service/ssooidc v1.28.0 h1:Uco4o19bi3AmBapImNzuMk+rfzlui52BDyVK1UfJeRA=
github.com/aws/aws-sdk-go-v2/service/ssooidc v1.28.0/go.mod h1:+HLFhCpnG08hBee8bUdfd1mBK+rFKPt4O5igR9lXDfk=
github.com/aws/aws-sdk-go-v2/service/sts v1.26.7 h1:NzO4Vrau795RkUdSHKEwiR01FaGzGOH1EETJ+5QHnm0=
github.com/aws/aws-sdk-go-v2/service/sts v1.26.7/go.mod h1:6h2YuIoxaMSCFf5fi1EgZAwdfkGMgDY+DVfa61uLe4U=
github.com/aws/aws-sdk-go-v2/service/sts v1.30.5 h1:OMsEmCyz2i89XwRwPouAJvhj81wINh+4UK+k/0Yo/q8=
github.com/aws/aws-sdk-go-v2/service/sts v1.30.5/go.mod h1:vmSqFK+BVIwVpDAGZB3CoCXHzurt4qBE8lf+I/kRTh0=
github.com/aws/aws-sdk-go-v2/service/sts v1.30.6 h1:TrQadF7GcqvQ63kgwEcjlrVc2Fa0wpgLT0xtc73uAd8=
github.com/aws/aws-sdk-go-v2/service/sts v1.30.6/go.mod h1:NXi1dIAGteSaRLqYgarlhP/Ij0cFT+qmCwiJqWh/U5o=
github.com/aws/aws-sdk-go-v2/service/sts v1.30.7 h1:NKTa1eqZYw8tiHSRGpP0VtTdub/8KNk8sDkNPFaOKDE=
github.com/aws/aws-sdk-go-v2/service/sts v1.30.7/go.mod h1:NXi1dIAGteSaRLqYgarlhP/Ij0cFT+qmCwiJqWh/U5o=
github.com/aws/aws-sdk-go-v2/service/sts v1.30.8 h1:bAi+4p5EKnni+jrfcAhb7iHFQ24bthOAV9t0taf3DCE=
github.com/aws/aws-sdk-go-v2/service/sts v1.30.8/go.mod h1:NXi1dIAGteSaRLqYgarlhP/Ij0cFT+qmCwiJqWh/U5o=
github.com/aws/aws-sdk-go-v2/service/sts v1.31.0 h1:GNVxIHBTi2EgwCxpNiozhNasMOK+ROUA2Z3X+cSBX58=
github.com/aws/aws-sdk-go-v2/service/sts v1.31.0/go.mod h1:yMWe0F+XG0DkRZK5ODZhG7BEFYhLXi2dqGsv6tX0cgI=
github.com/aws/aws-sdk-go-v2/service/sts v1.31.1 h1:8K0UNOkZiK9Uh3HIF6Bx0rcNCftqGCeKmOaR7Gp5BSo=
github.com/aws/aws-sdk-go-v2/service/sts v1.31.1/go.mod h1:yMWe0F+XG0DkRZK5ODZhG7BEFYhLXi2dqGsv6tX0cgI=
github.com/aws/aws-sdk-go-v2/service/sts v1.31.2 h1:O6tyji8mXmBGsHvTCB0VIhrDw19lGTUSbKIyjnw79s8=
github.com/aws/aws-sdk-go-v2/service/sts v1.31.2/go.mod h1:yMWe0F+XG0DkRZK5ODZhG7BEFYhLXi2dqGsv6tX0cgI=
github.com/aws/aws-sdk-go-v2/service/sts v1.31.3 h1:VzudTFrDCIDakXtemR7l6Qzt2+JYsVqo2MxBPt5k8T8=
github.com/aws/aws-sdk-go-v2/service/sts v1.31.3/go.mod h1:yMWe0F+XG0DkRZK5ODZhG7BEFYhLXi2dqGsv6tX0cgI=
github.com/aws/aws-sdk-go-v2/service/sts v1.31.4 h1:uK6dUUdJtqutK1XO/tmNaQMJiPLCJY/eAeOOmqQ6ygY=
github.com/aws/aws-sdk-go-v2/service/sts v1.31.4/go.mod h1:yMWe0F+XG0DkRZK5ODZhG7BEFYhLXi2dqGsv6tX0cgI=
github.com/aws/aws-sdk-go-v2/service/sts v1.32.0 h1:GiQUjZM2KUZX68o/LpZ1xqxYMuvoxpRrOwYARYog3vc=
github.com/aws/aws-sdk-go-v2/service/sts v1.32.0/go.mod h1:dKnu7M4MAS2SDlng1ytxd03H+y0LoUfEQ5E2VaaSw/4=
github.com/aws/smithy-go v1.19.0 h1:KWFKQV80DpP3vJrrA9sVAHQ5gc2z8i4EzrLhLlWXcBM=
github.com/aws/smithy-go v1.19.0/go.mod h1:NukqUGpCZIILqqiV0NIjeFh24kd/FAa4beRb6nbIUPE=
github.com/aws/smithy-go v1.20.4 h1:2HK1zBdPgRbjFOHlfeQZfpC4r72MOb9bZkiFwggKO+4=
github.com/aws/smithy-go v1.20.4/go.mod h1:irrKGvNn1InZwb2d7fkIRNucdfwR8R+Ts3wxYa/cJHg=
github.com/aws/smithy-go v1.21.0 h1:H7L8dtDRk0P1Qm6y0ji7MCYMQObJ5R9CRpyPhRUkLYA=
github.com/aws/smithy-go v1.21.0/go.mod h1:irrKGvNn1InZwb2d7fkIRNucdfwR8R+Ts3wxYa/cJHg=
github.com/aws/smithy-go v1.22.0 h1:uunKnWlcoL3zO7q+gG2Pk53joueEOsnNB28QdMsmiMM=
github.com/aws/smithy-go v1.22.0/go.mod h1:irrKGvNn1InZwb2d7fkIRNucdfwR8R+Ts3wxYa/cJHg=
github.com/davecgh/go-spew v1.1.0/go.mod h1:J7Y8YcW2NihsgmVo/mv3lAwl/skON4iLHjSsI+c5H38=
github.com/davecgh/go-spew v1.1.1 h1:vj9j/u1bqnvCEfJOwUhtlOARqs3+rkHYY13jYWTU97c=
github.com/davecgh/go-spew v1.1.1/go.mod h1:J7Y8YcW2NihsgmVo/mv3lAwl/skON4iLHjSsI+c5H38=
github.com/golang/protobuf v1.3.1/go.mod h1:6lQm79b+lXiMfvg/cZm0SGofjICqVBUtrP5yJMmIC1U=
github.com/golang/protobuf v1.5.0/go.mod h1:FsONVRAS9T7sI+LIUmWTfcYkHO4aIWwzhcaSAoJOfIk=
github.com/golang/protobuf v1.5.3 h1:KhyjKVUg7Usr/dYsdSqoFveMYd5ko72D+zANwlG1mmg=
github.com/golang/protobuf v1.5.3/go.mod h1:XVQd3VNwM+JqD3oG2Ue2ip4fOMUkwXdXDdiuN0vRsmY=
github.com/google/go-cmp v0.5.5/go.mod h1:v8dTdLbMG2kIc/vJvl+f65V22dbkXbowE6jgT/gNBxE=
github.com/google/go-cmp v0.5.9 h1:O2Tfq5qg4qc4AmwVlvv0oLiVAGB7enBSJ2x2DqQFi38=
github.com/google/go-cmp v0.5.9/go.mod h1:17dUlkBOakJ0+DkrSSNjCkIjxS6bF9zb3elmeNGIjoY=
github.com/jmespath/go-jmespath v0.4.0 h1:BEgLn5cpjn8UN1mAw4NjwDrS35OdebyEtFe+9YPoQUg=
github.com/jmespath/go-jmespath v0.4.0/go.mod h1:T8mJZnbsbmF+m6zOOFylbeCJqk5+pHWvzYPziyZiYoo=
github.com/jmespath/go-jmespath/internal/testify v1.5.1 h1:shLQSRRSCCPj3f2gpwzGwWFoC7ycTf1rcQZHOlsJ6N8=
github.com/jmespath/go-jmespath/internal/testify v1.5.1/go.mod h1:L3OGu8Wl2/fWfCI6z80xFu9LTZmf1ZRjMHUOPmWr69U=
github.com/pmezard/go-difflib v1.0.0 h1:4DBwDE0NGyQoBHbLQYPwSUPoCMWR5BEzIk/f1lZbAQM=
github.com/pmezard/go-difflib v1.0.0/go.mod h1:iKH77koFhYxTK1pcRnkKkqfTogsbg7gZNVY4sRDYZ/4=
github.com/stretchr/objx v0.1.0/go.mod h1:HFkY916IF+rwdDfMAkV7OtwuqBVzrE8GR6GFx+wExME=
github.com/stretchr/testify v1.7.2 h1:4jaiDzPyXQvSd7D0EjG45355tLlV3VOECpq10pLC+8s=
github.com/stretchr/testify v1.7.2/go.mod h1:R6va5+xMeoiuVRoj+gSkQ7d3FALtqAAGI1FQKckRals=
github.com/stretchr/testify v1.9.0 h1:HtqpIVDClZ4nwg75+f6Lvsy/wHu+3BoSGCbBAcpTsTg=
github.com/stretchr/testify v1.9.0/go.mod h1:r2ic/lqez/lEtzL7wO/rwa5dbSLXVDPFyf8C91i36aY=
golang.org/x/crypto v0.0.0-20190308221718-c2843e01d9a2/go.mod h1:djNgcEr1/C05ACkg1iLfiJU5Ep61QUkGW8qpdssI0+w=
golang.org/x/net v0.0.0-20190603091049-60506f45cf65/go.mod h1:HSz+uSET+XFnRR8LxR5pz3Of3rY3CfYBVs4xY44aLks=
golang.org/x/net v0.19.0 h1:zTwKpTd2XuCqf8huc7Fo2iSy+4RHPd10s4KzeTnVr1c=
golang.org/x/net v0.19.0/go.mod h1:CfAk/cbD4CthTvqiEl8NpboMuiuOYsAr/7NOjZJtv1U=
golang.org/x/oauth2 v0.15.0 h1:s8pnnxNVzjWyrvYdFUQq5llS1PX2zhPXmccZv99h7uQ=
golang.org/x/oauth2 v0.15.0/go.mod h1:q48ptWNTY5XWf+JNten23lcvHpLJ0ZSxF5ttTHKVCAM=
golang.org/x/oauth2 v0.22.0 h1:BzDx2FehcG7jJwgWLELCdmLuxk2i+x9UDpSiss2u0ZA=
golang.org/x/oauth2 v0.22.0/go.mod h1:XYTD2NtWslqkgxebSiOHnXEap4TF09sJSc7H1sXbhtI=
golang.org/x/oauth2 v0.23.0 h1:PbgcYx2W7i4LvjJWEbf0ngHV6qJYr86PkAV3bXdLEbs=
golang.org/x/oauth2 v0.23.0/go.mod h1:XYTD2NtWslqkgxebSiOHnXEap4TF09sJSc7H1sXbhtI=
golang.org/x/sys v0.0.0-20190215142949-d0b11bdaac8a/go.mod h1:STP8DvDyc/dI5b8T5hshtkjS+E42TnysNCUPdjciGhY=
golang.org/x/text v0.3.0/go.mod h1:NqM8EUOU14njkJ3fqMW+pc6Ldnwhi/IjpwHt7yyuwOQ=
golang.org/x/text v0.3.2/go.mod h1:bEr9sfX3Q8Zfm5fL9x+3itogRgK3+ptLWKqgva+5dAk=
golang.org/x/tools v0.0.0-20180917221912-90fa682c2a6e/go.mod h1:n7NCudcB/nEzxVGmLbDWY5pfWTLqBcC2KZ6jyYvM4mQ=
golang.org/x/xerrors v0.0.0-20191204190536-9bdfabe68543/go.mod h1:I/5z698sn9Ka8TeJc9MKroUUfqBBauWjQqLJ2OPfmY0=
google.golang.org/appengine v1.6.7 h1:FZR1q0exgwxzPzp/aF+VccGrSfxfPpkBqjIIEq3ru6c=
google.golang.org/appengine v1.6.7/go.mod h1:8WjMMxjGQR8xUklV/ARdw2HLXBOI7O7uCIDZVag1xfc=
google.golang.org/protobuf v1.26.0-rc.1/go.mod h1:jlhhOSvTdKEhbULTjvd4ARK9grFBp09yW+WbY/TyQbw=
google.golang.org/protobuf v1.26.0/go.mod h1:9q0QmTI4eRPtz6boOQmLYwt+qCgq0jsYwAQnmE0givc=
google.golang.org/protobuf v1.31.0 h1:g0LDEJHgrBl9N9r17Ru3sqWhkIx2NB67okBHPwC7hs8=
google.golang.org/protobuf v1.31.0/go.mod h1:HV8QOd/L58Z+nl8r43ehVNZIU/HEI6OcFqwMG9pJV4I=
gopkg.in/check.v1 v0.0.0-20161208181325-20d25e280405 h1:yhCVgyC4o1eVCa2tZl7eS0r+SDo693bJlVdllGtEeKM=
gopkg.in/check.v1 v0.0.0-20161208181325-20d25e280405/go.mod h1:Co6ibVJAznAaIkqp8huTwlJQCZ016jof/cbN4VW5Yz0=
gopkg.in/yaml.v2 v2.2.8 h1:obN1ZagJSUGI0Ek/LBmuj4SNLPfIny3KsKFopxRdj10=
gopkg.in/yaml.v2 v2.2.8/go.mod h1:hI93XBmqTisBFMUTm0b8Fm+jr3Dg1NNxqwp+5A1VGuI=
gopkg.in/yaml.v3 v3.0.1 h1:fxVm/GzAzEWqLHuvctI91KS9hhNmmWOoWu0XTYJS7CA=
gopkg.in/yaml.v3 v3.0.1/go.mod h1:K4uyk7z7BCEPqu6E+C64Yfv1cQ7kz7rIZviUmN+EgEM=
